# This file was autogenerated by Stack.
# You should not edit this file by hand.
# For more information, please see the documentation at:
#   https://docs.haskellstack.org/en/stable/lock_files

packages:
- completed:
    hackage: hakyll-4.15.1.1@sha256:707990cc15bcc9637519dbb3382dfa790f20191a86e988dab2824f5f6bc7ed87,9962
    pantry-tree:
      sha256: f61b63725d954d7feea4dc0697771a112c89018c7295c8ee5858f72fcdd384f6
      size: 8861
  original:
    hackage: hakyll-4.15.1.1
snapshots:
- completed:
    sha256: bbf2be02f17940bac1f87cb462d4fb0c3355de6dcfc53d84f4f9ad3ee2164f65
    size: 616897
    url: https://mirrors.tuna.tsinghua.edu.cn/stackage/stackage-snapshots/lts/19/0.yaml
  original: lts-19.0
